
Microsoft Visual Studio Solution File, Format Version 12.00
# Visual Studio Version 16
VisualStudioVersion = 16.0.32630.194
MinimumVisualStudioVersion = 10.0.40219.1
Project("{8BC9CEB8-8B4A-11D0-8D11-00A0C91BC942}") = "PhosEditor", "PhosEditor.vcxproj", "{7B30B564-9F43-44E0-B8A1-C47C6E08B689}"
	ProjectSection(ProjectDependencies) = postProject
		{AEA2CA50-21B0-4B59-ADC7-B98E6992E6B7} = {AEA2CA50-21B0-4B59-ADC7-B98E6992E6B7}
	EndProjectSection
EndProject
Project("{8BC9CEB8-8B4A-11D0-8D11-00A0C91BC942}") = "PhosEngine", "..\PhosEngine\PhosEngine.vcxproj", "{AEA2CA50-21B0-4B59-ADC7-B98E6992E6B7}"
EndProject
Global
	GlobalSection(SolutionConfigurationPlatforms) = preSolution
		Debug|x64 = Debug|x64
		Debug|x86 = Debug|x86
		DebugFromEngine|x64 = DebugFromEngine|x64
		DebugFromEngine|x86 = DebugFromEngine|x86
		Release|x64 = Release|x64
		Release|x86 = Release|x86
		ReleaseFromEngine|x64 = ReleaseFromEngine|x64
		ReleaseFromEngine|x86 = ReleaseFromEngine|x86
	EndGlobalSection
	GlobalSection(ProjectConfigurationPlatforms) = postSolution
		{7B30B564-9F43-44E0-B8A1-C47C6E08B689}.Debug|x64.ActiveCfg = Debug|x64
		{7B30B564-9F43-44E0-B8A1-C47C6E08B689}.Debug|x64.Build.0 = Debug|x64
		{7B30B564-9F43-44E0-B8A1-C47C6E08B689}.Debug|x86.ActiveCfg = Debug|Win32
		{7B30B564-9F43-44E0-B8A1-C47C6E08B689}.Debug|x86.Build.0 = Debug|Win32
		{7B30B564-9F43-44E0-B8A1-C47C6E08B689}.DebugFromEngine|x64.ActiveCfg = Debug|x64
		{7B30B564-9F43-44E0-B8A1-C47C6E08B689}.DebugFromEngine|x64.Build.0 = Debug|x64
		{7B30B564-9F43-44E0-B8A1-C47C6E08B689}.DebugFromEngine|x86.ActiveCfg = Debug|Win32
		{7B30B564-9F43-44E0-B8A1-C47C6E08B689}.DebugFromEngine|x86.Build.0 = Debug|Win32
		{7B30B564-9F43-44E0-B8A1-C47C6E08B689}.Release|x64.ActiveCfg = Release|x64
		{7B30B564-9F43-44E0-B8A1-C47C6E08B689}.Release|x64.Build.0 = Release|x64
		{7B30B564-9F43-44E0-B8A1-C47C6E08B689}.Release|x86.ActiveCfg = Release|Win32
		{7B30B564-9F43-44E0-B8A1-C47C6E08B689}.Release|x86.Build.0 = Release|Win32
		{7B30B564-9F43-44E0-B8A1-C47C6E08B689}.ReleaseFromEngine|x64.ActiveCfg = Release|x64
		{7B30B564-9F43-44E0-B8A1-C47C6E08B689}.ReleaseFromEngine|x64.Build.0 = Release|x64
		{7B30B564-9F43-44E0-B8A1-C47C6E08B689}.ReleaseFromEngine|x86.ActiveCfg = Release|Win32
		{7B30B564-9F43-44E0-B8A1-C47C6E08B689}.ReleaseFromEngine|x86.Build.0 = Release|Win32
		{AEA2CA50-21B0-4B59-ADC7-B98E6992E6B7}.Debug|x64.ActiveCfg = Debug|x64
		{AEA2CA50-21B0-4B59-ADC7-B98E6992E6B7}.Debug|x64.Build.0 = Debug|x64
		{AEA2CA50-21B0-4B59-ADC7-B98E6992E6B7}.Debug|x86.ActiveCfg = Debug|Win32
		{AEA2CA50-21B0-4B59-ADC7-B98E6992E6B7}.Debug|x86.Build.0 = Debug|Win32
		{AEA2CA50-21B0-4B59-ADC7-B98E6992E6B7}.DebugFromEngine|x64.ActiveCfg = DebugFromEngine|x64
		{AEA2CA50-21B0-4B59-ADC7-B98E6992E6B7}.DebugFromEngine|x64.Build.0 = DebugFromEngine|x64
		{AEA2CA50-21B0-4B59-ADC7-B98E6992E6B7}.DebugFromEngine|x86.ActiveCfg = DebugFromEngine|Win32
		{AEA2CA50-21B0-4B59-ADC7-B98E6992E6B7}.DebugFromEngine|x86.Build.0 = DebugFromEngine|Win32
		{AEA2CA50-21B0-4B59-ADC7-B98E6992E6B7}.Release|x64.ActiveCfg = Release|x64
		{AEA2CA50-21B0-4B59-ADC7-B98E6992E6B7}.Release|x64.Build.0 = Release|x64
		{AEA2CA50-21B0-4B59-ADC7-B98E6992E6B7}.Release|x86.ActiveCfg = Release|Win32
		{AEA2CA50-21B0-4B59-ADC7-B98E6992E6B7}.Release|x86.Build.0 = Release|Win32
		{AEA2CA50-21B0-4B59-ADC7-B98E6992E6B7}.ReleaseFromEngine|x64.ActiveCfg = ReleaseFromEngine|x64
		{AEA2CA50-21B0-4B59-ADC7-B98E6992E6B7}.ReleaseFromEngine|x64.Build.0 = ReleaseFromEngine|x64
		{AEA2CA50-21B0-4B59-ADC7-B98E6992E6B7}.ReleaseFromEngine|x86.ActiveCfg = ReleaseFromEngine|Win32
		{AEA2CA50-21B0-4B59-ADC7-B98E6992E6B7}.ReleaseFromEngine|x86.Build.0 = ReleaseFromEngine|Win32
	EndGlobalSection
	GlobalSection(SolutionProperties) = preSolution
		HideSolutionNode = FALSE
	EndGlobalSection
	GlobalSection(ExtensibilityGlobals) = postSolution
		SolutionGuid = {3B0EC24A-23AC-432F-AE95-1B6F5FF421BF}
	EndGlobalSection
EndGlobal
